
Microsoft Visual Studio Solution File, Format Version 12.00
# Visual Studio Version 16
VisualStudioVersion = 16.0.29709.97
MinimumVisualStudioVersion = 10.0.40219.1
Project("{FAE04EC0-301F-11D3-BF4B-00C04F79EFBC}") = "ForexPOSService", "ForexPOSService\ForexPOSService.csproj", "{055BF135-F00B-4EB1-991F-83F11B9ECCBA}"
EndProject
Global
	GlobalSection(SolutionConfigurationPlatforms) = preSolution
		Debug|Any CPU = Debug|Any CPU
		Release|Any CPU = Release|Any CPU
	EndGlobalSection
	GlobalSection(ProjectConfigurationPlatforms) = postSolution
		{055BF135-F00B-4EB1-991F-83F11B9ECCBA}.Debug|Any CPU.ActiveCfg = Debug|Any CPU
		{055BF135-F00B-4EB1-991F-83F11B9ECCBA}.Debug|Any CPU.Build.0 = Debug|Any CPU
		{055BF135-F00B-4EB1-991F-83F11B9ECCBA}.Release|Any CPU.ActiveCfg = Release|Any CPU
		{055BF135-F00B-4EB1-991F-83F11B9ECCBA}.Release|Any CPU.Build.0 = Release|Any CPU
	EndGlobalSection
	GlobalSection(SolutionProperties) = preSolution
		HideSolutionNode = FALSE
	EndGlobalSection
	GlobalSection(ExtensibilityGlobals) = postSolution
		SolutionGuid = {1EE8B886-CDE8-4DA2-82A0-903EDB4CB5F1}
	EndGlobalSection
EndGlobal
